
Microsoft Visual Studio Solution File, Format Version 12.00
# Visual Studio Version 17
VisualStudioVersion = 17.11.35312.102
MinimumVisualStudioVersion = 10.0.40219.1
Project("{FAE04EC0-301F-11D3-BF4B-00C04F79EFBC}") = "IronSoftware.OldPhoneApp.Cli", "IronSoftware.OldPhoneApp.Cli\IronSoftware.OldPhoneApp.Cli.csproj", "{6F906463-EA4E-4F82-BC0D-0BCF9C3F8677}"
EndProject
Global
	GlobalSection(SolutionConfigurationPlatforms) = preSolution
		Debug|Any CPU = Debug|Any CPU
		Release|Any CPU = Release|Any CPU
	EndGlobalSection
	GlobalSection(ProjectConfigurationPlatforms) = postSolution
		{6F906463-EA4E-4F82-BC0D-0BCF9C3F8677}.Debug|Any CPU.ActiveCfg = Debug|Any CPU
		{6F906463-EA4E-4F82-BC0D-0BCF9C3F8677}.Debug|Any CPU.Build.0 = Debug|Any CPU
		{6F906463-EA4E-4F82-BC0D-0BCF9C3F8677}.Release|Any CPU.ActiveCfg = Release|Any CPU
		{6F906463-EA4E-4F82-BC0D-0BCF9C3F8677}.Release|Any CPU.Build.0 = Release|Any CPU
	EndGlobalSection
	GlobalSection(SolutionProperties) = preSolution
		HideSolutionNode = FALSE
	EndGlobalSection
	GlobalSection(ExtensibilityGlobals) = postSolution
		SolutionGuid = {7142B220-55CE-4359-8D25-86954558E6D8}
	EndGlobalSection
EndGlobal
